// !$*UTF8*$!
{
	archiveVersion = 1;
	classes = {
	};
	objectVersion = 56;
	objects = {

/* Begin PBXBuildFile section */
		7AD7EBB02C40558C009F20D5 /* PurchaseSession.swift in Sources */ = {isa = PBXBuildFile; fileRef = 7AD7EBAF2C40558C009F20D5 /* PurchaseSession.swift */; };
		7AD7EBB22C405881009F20D5 /* PurchaseSessionView.swift in Sources */ = {isa = PBXBuildFile; fileRef = 7AD7EBB12C405881009F20D5 /* PurchaseSessionView.swift */; };
		A388D80E2C3F3763006C46EC /* FavoriteSession.swift in Sources */ = {isa = PBXBuildFile; fileRef = A388D80D2C3F3763006C46EC /* FavoriteSession.swift */; };
		A388D8102C3F3A0B006C46EC /* MainTabView.swift in Sources */ = {isa = PBXBuildFile; fileRef = A388D80F2C3F3A0B006C46EC /* MainTabView.swift */; };
		A388D8122C3F3A41006C46EC /* FavouritesListView.swift in Sources */ = {isa = PBXBuildFile; fileRef = A388D8112C3F3A41006C46EC /* FavouritesListView.swift */; };
		A388D8142C3F3A98006C46EC /* PurchaseListView.swift in Sources */ = {isa = PBXBuildFile; fileRef = A388D8132C3F3A98006C46EC /* PurchaseListView.swift */; };
		FC3EF3F22C3C427800997653 /* G11_NatureWalkApp.swift in Sources */ = {isa = PBXBuildFile; fileRef = FC3EF3F12C3C427800997653 /* G11_NatureWalkApp.swift */; };
		FC3EF3F42C3C427800997653 /* ContentView.swift in Sources */ = {isa = PBXBuildFile; fileRef = FC3EF3F32C3C427800997653 /* ContentView.swift */; };
		FC3EF3F62C3C427B00997653 /* Assets.xcassets in Resources */ = {isa = PBXBuildFile; fileRef = FC3EF3F52C3C427B00997653 /* Assets.xcassets */; };
		FC3EF3F92C3C427B00997653 /* Preview Assets.xcassets in Resources */ = {isa = PBXBuildFile; fileRef = FC3EF3F82C3C427B00997653 /* Preview Assets.xcassets */; };
		FC3EF4042C3C43F600997653 /* FirebaseAuth in Frameworks */ = {isa = PBXBuildFile; productRef = FC3EF4032C3C43F600997653 /* FirebaseAuth */; };
		FC3EF4062C3C43F600997653 /* FirebaseFirestore in Frameworks */ = {isa = PBXBuildFile; productRef = FC3EF4052C3C43F600997653 /* FirebaseFirestore */; };
		FC3EF4082C3C43F600997653 /* FirebaseFirestoreSwift in Frameworks */ = {isa = PBXBuildFile; productRef = FC3EF4072C3C43F600997653 /* FirebaseFirestoreSwift */; };
		FC3EF40A2C3C43F600997653 /* FirebaseStorage in Frameworks */ = {isa = PBXBuildFile; productRef = FC3EF4092C3C43F600997653 /* FirebaseStorage */; };
		FC3EF40C2C3C449D00997653 /* FireAuthHelper.swift in Sources */ = {isa = PBXBuildFile; fileRef = FC3EF40B2C3C449D00997653 /* FireAuthHelper.swift */; };
		FC3EF40E2C3C44AA00997653 /* FireDBHelper.swift in Sources */ = {isa = PBXBuildFile; fileRef = FC3EF40D2C3C44AA00997653 /* FireDBHelper.swift */; };
		FC3EF4102C3C44DC00997653 /* User.swift in Sources */ = {isa = PBXBuildFile; fileRef = FC3EF40F2C3C44DC00997653 /* User.swift */; };
		FC3EF4122C3C44E500997653 /* Session.swift in Sources */ = {isa = PBXBuildFile; fileRef = FC3EF4112C3C44E500997653 /* Session.swift */; };
		FC3EF4142C3C507800997653 /* GoogleService-Info.plist in Resources */ = {isa = PBXBuildFile; fileRef = FC3EF4132C3C507700997653 /* GoogleService-Info.plist */; };
		FC4004E32C406C5D002992F5 /* ProfileView.swift in Sources */ = {isa = PBXBuildFile; fileRef = FC4004E22C406C5D002992F5 /* ProfileView.swift */; };
		FC4004E52C407C6F002992F5 /* PurchaseDetailView.swift in Sources */ = {isa = PBXBuildFile; fileRef = FC4004E42C407C6F002992F5 /* PurchaseDetailView.swift */; };
		FC4C91542C3C573700378359 /* SessionListView.swift in Sources */ = {isa = PBXBuildFile; fileRef = FC4C91532C3C573700378359 /* SessionListView.swift */; };
		FC4C91562C3C596B00378359 /* SessionDetailsView.swift in Sources */ = {isa = PBXBuildFile; fileRef = FC4C91552C3C596B00378359 /* SessionDetailsView.swift */; };
		FC4C91582C3C5F9600378359 /* SignInView.swift in Sources */ = {isa = PBXBuildFile; fileRef = FC4C91572C3C5F9600378359 /* SignInView.swift */; };
/* End PBXBuildFile section */

/* Begin PBXFileReference section */
		7AD7EBAF2C40558C009F20D5 /* PurchaseSession.swift */ = {isa = PBXFileReference; lastKnownFileType = sourcecode.swift; path = PurchaseSession.swift; sourceTree = "<group>"; };
		7AD7EBB12C405881009F20D5 /* PurchaseSessionView.swift */ = {isa = PBXFileReference; lastKnownFileType = sourcecode.swift; path = PurchaseSessionView.swift; sourceTree = "<group>"; };
		A388D80D2C3F3763006C46EC /* FavoriteSession.swift */ = {isa = PBXFileReference; lastKnownFileType = sourcecode.swift; path = FavoriteSession.swift; sourceTree = "<group>"; };
		A388D80F2C3F3A0B006C46EC /* MainTabView.swift */ = {isa = PBXFileReference; lastKnownFileType = sourcecode.swift; path = MainTabView.swift; sourceTree = "<group>"; };
		A388D8112C3F3A41006C46EC /* FavouritesListView.swift */ = {isa = PBXFileReference; lastKnownFileType = sourcecode.swift; path = FavouritesListView.swift; sourceTree = "<group>"; };
		A388D8132C3F3A98006C46EC /* PurchaseListView.swift */ = {isa = PBXFileReference; lastKnownFileType = sourcecode.swift; path = PurchaseListView.swift; sourceTree = "<group>"; };
		FC3EF3EE2C3C427800997653 /* G11-NatureWalk.app */ = {isa = PBXFileReference; explicitFileType = wrapper.application; includeInIndex = 0; path = "G11-NatureWalk.app"; sourceTree = BUILT_PRODUCTS_DIR; };
		FC3EF3F12C3C427800997653 /* G11_NatureWalkApp.swift */ = {isa = PBXFileReference; lastKnownFileType = sourcecode.swift; path = G11_NatureWalkApp.swift; sourceTree = "<group>"; };
		FC3EF3F32C3C427800997653 /* ContentView.swift */ = {isa = PBXFileReference; lastKnownFileType = sourcecode.swift; path = ContentView.swift; sourceTree = "<group>"; };
		FC3EF3F52C3C427B00997653 /* Assets.xcassets */ = {isa = PBXFileReference; lastKnownFileType = folder.assetcatalog; path = Assets.xcassets; sourceTree = "<group>"; };
		FC3EF3F82C3C427B00997653 /* Preview Assets.xcassets */ = {isa = PBXFileReference; lastKnownFileType = folder.assetcatalog; path = "Preview Assets.xcassets"; sourceTree = "<group>"; };
		FC3EF40B2C3C449D00997653 /* FireAuthHelper.swift */ = {isa = PBXFileReference; lastKnownFileType = sourcecode.swift; path = FireAuthHelper.swift; sourceTree = "<group>"; };
		FC3EF40D2C3C44AA00997653 /* FireDBHelper.swift */ = {isa = PBXFileReference; lastKnownFileType = sourcecode.swift; path = FireDBHelper.swift; sourceTree = "<group>"; };
		FC3EF40F2C3C44DC00997653 /* User.swift */ = {isa = PBXFileReference; lastKnownFileType = sourcecode.swift; path = User.swift; sourceTree = "<group>"; };
		FC3EF4112C3C44E500997653 /* Session.swift */ = {isa = PBXFileReference; lastKnownFileType = sourcecode.swift; path = Session.swift; sourceTree = "<group>"; };
		FC3EF4132C3C507700997653 /* GoogleService-Info.plist */ = {isa = PBXFileReference; fileEncoding = 4; lastKnownFileType = text.plist.xml; path = "GoogleService-Info.plist"; sourceTree = "<group>"; };
		FC4004E22C406C5D002992F5 /* ProfileView.swift */ = {isa = PBXFileReference; lastKnownFileType = sourcecode.swift; path = ProfileView.swift; sourceTree = "<group>"; };
		FC4004E42C407C6F002992F5 /* PurchaseDetailView.swift */ = {isa = PBXFileReference; lastKnownFileType = sourcecode.swift; path = PurchaseDetailView.swift; sourceTree = "<group>"; };
		FC4C91532C3C573700378359 /* SessionListView.swift */ = {isa = PBXFileReference; lastKnownFileType = sourcecode.swift; path = SessionListView.swift; sourceTree = "<group>"; };
		FC4C91552C3C596B00378359 /* SessionDetailsView.swift */ = {isa = PBXFileReference; lastKnownFileType = sourcecode.swift; path = SessionDetailsView.swift; sourceTree = "<group>"; };
		FC4C91572C3C5F9600378359 /* SignInView.swift */ = {isa = PBXFileReference; lastKnownFileType = sourcecode.swift; path = SignInView.swift; sourceTree = "<group>"; };
/* End PBXFileReference section */

/* Begin PBXFrameworksBuildPhase section */
		FC3EF3EB2C3C427800997653 /* Frameworks */ = {
			isa = PBXFrameworksBuildPhase;
			buildActionMask = 2147483647;
			files = (
				FC3EF4042C3C43F600997653 /* FirebaseAuth in Frameworks */,
				FC3EF40A2C3C43F600997653 /* FirebaseStorage in Frameworks */,
				FC3EF4062C3C43F600997653 /* FirebaseFirestore in Frameworks */,
				FC3EF4082C3C43F600997653 /* FirebaseFirestoreSwift in Frameworks */,
			);
			runOnlyForDeploymentPostprocessing = 0;
		};
/* End PBXFrameworksBuildPhase section */

/* Begin PBXGroup section */
		FC3EF3E52C3C427800997653 = {
			isa = PBXGroup;
			children = (
				FC3EF3F02C3C427800997653 /* G11-NatureWalk */,
				FC3EF3EF2C3C427800997653 /* Products */,
			);
			sourceTree = "<group>";
		};
		FC3EF3EF2C3C427800997653 /* Products */ = {
			isa = PBXGroup;
			children = (
				FC3EF3EE2C3C427800997653 /* G11-NatureWalk.app */,
			);
			name = Products;
			sourceTree = "<group>";
		};
		FC3EF3F02C3C427800997653 /* G11-NatureWalk */ = {
			isa = PBXGroup;
			children = (
				FC3EF4132C3C507700997653 /* GoogleService-Info.plist */,
				FC3EF4012C3C439F00997653 /* views */,
				FC3EF4002C3C438000997653 /* models */,
				FC3EF3FF2C3C436200997653 /* controllers */,
				FC3EF3F12C3C427800997653 /* G11_NatureWalkApp.swift */,
				FC3EF3F52C3C427B00997653 /* Assets.xcassets */,
				FC3EF3F72C3C427B00997653 /* Preview Content */,
			);
			path = "G11-NatureWalk";
			sourceTree = "<group>";
		};
		FC3EF3F72C3C427B00997653 /* Preview Content */ = {
			isa = PBXGroup;
			children = (
				FC3EF3F82C3C427B00997653 /* Preview Assets.xcassets */,
			);
			path = "Preview Content";
			sourceTree = "<group>";
		};
		FC3EF3FF2C3C436200997653 /* controllers */ = {
			isa = PBXGroup;
			children = (
				FC3EF40B2C3C449D00997653 /* FireAuthHelper.swift */,
				FC3EF40D2C3C44AA00997653 /* FireDBHelper.swift */,
			);
			path = controllers;
			sourceTree = "<group>";
		};
		FC3EF4002C3C438000997653 /* models */ = {
			isa = PBXGroup;
			children = (
				FC3EF40F2C3C44DC00997653 /* User.swift */,
				FC3EF4112C3C44E500997653 /* Session.swift */,
				A388D80D2C3F3763006C46EC /* FavoriteSession.swift */,
				7AD7EBAF2C40558C009F20D5 /* PurchaseSession.swift */,
			);
			path = models;
			sourceTree = "<group>";
		};
		FC3EF4012C3C439F00997653 /* views */ = {
			isa = PBXGroup;
			children = (
				FC3EF3F32C3C427800997653 /* ContentView.swift */,
				FC4C91532C3C573700378359 /* SessionListView.swift */,
				FC4C91552C3C596B00378359 /* SessionDetailsView.swift */,
				FC4C91572C3C5F9600378359 /* SignInView.swift */,
				A388D80F2C3F3A0B006C46EC /* MainTabView.swift */,
				A388D8112C3F3A41006C46EC /* FavouritesListView.swift */,
				A388D8132C3F3A98006C46EC /* PurchaseListView.swift */,
				7AD7EBB12C405881009F20D5 /* PurchaseSessionView.swift */,
				FC4004E22C406C5D002992F5 /* ProfileView.swift */,
				FC4004E42C407C6F002992F5 /* PurchaseDetailView.swift */,
			);
			path = views;
			sourceTree = "<group>";
		};
/* End PBXGroup section */

/* Begin PBXNativeTarget section */
		FC3EF3ED2C3C427800997653 /* G11-NatureWalk */ = {
			isa = PBXNativeTarget;
			buildConfigurationList = FC3EF3FC2C3C427B00997653 /* Build configuration list for PBXNativeTarget "G11-NatureWalk" */;
			buildPhases = (
				FC3EF3EA2C3C427800997653 /* Sources */,
				FC3EF3EB2C3C427800997653 /* Frameworks */,
				FC3EF3EC2C3C427800997653 /* Resources */,
			);
			buildRules = (
			);
			dependencies = (
			);
			name = "G11-NatureWalk";
			packageProductDependencies = (
				FC3EF4032C3C43F600997653 /* FirebaseAuth */,
				FC3EF4052C3C43F600997653 /* FirebaseFirestore */,
				FC3EF4072C3C43F600997653 /* FirebaseFirestoreSwift */,
				FC3EF4092C3C43F600997653 /* FirebaseStorage */,
			);
			productName = "G11-NatureWalk";
			productReference = FC3EF3EE2C3C427800997653 /* G11-NatureWalk.app */;
			productType = "com.apple.product-type.application";
		};
/* End PBXNativeTarget section */

/* Begin PBXProject section */
		FC3EF3E62C3C427800997653 /* Project object */ = {
			isa = PBXProject;
			attributes = {
				BuildIndependentTargetsInParallel = 1;
				LastSwiftUpdateCheck = 1540;
				LastUpgradeCheck = 1540;
				TargetAttributes = {
					FC3EF3ED2C3C427800997653 = {
						CreatedOnToolsVersion = 15.4;
					};
				};
			};
			buildConfigurationList = FC3EF3E92C3C427800997653 /* Build configuration list for PBXProject "G11-NatureWalk" */;
			compatibilityVersion = "Xcode 14.0";
			developmentRegion = en;
			hasScannedForEncodings = 0;
			knownRegions = (
				en,
				Base,
			);
			mainGroup = FC3EF3E52C3C427800997653;
			packageReferences = (
				FC3EF4022C3C43F600997653 /* XCRemoteSwiftPackageReference "firebase-ios-sdk" */,
			);
			productRefGroup = FC3EF3EF2C3C427800997653 /* Products */;
			projectDirPath = "";
			projectRoot = "";
			targets = (
				FC3EF3ED2C3C427800997653 /* G11-NatureWalk */,
			);
		};
/* End PBXProject section */

/* Begin PBXResourcesBuildPhase section */
		FC3EF3EC2C3C427800997653 /* Resources */ = {
			isa = PBXResourcesBuildPhase;
			buildActionMask = 2147483647;
			files = (
				FC3EF3F92C3C427B00997653 /* Preview Assets.xcassets in Resources */,
				FC3EF3F62C3C427B00997653 /* Assets.xcassets in Resources */,
				FC3EF4142C3C507800997653 /* GoogleService-Info.plist in Resources */,
			);
			runOnlyForDeploymentPostprocessing = 0;
		};
/* End PBXResourcesBuildPhase section */

/* Begin PBXSourcesBuildPhase section */
		FC3EF3EA2C3C427800997653 /* Sources */ = {
			isa = PBXSourcesBuildPhase;
			buildActionMask = 2147483647;
			files = (
				FC4C91582C3C5F9600378359 /* SignInView.swift in Sources */,
				FC3EF3F42C3C427800997653 /* ContentView.swift in Sources */,
				A388D80E2C3F3763006C46EC /* FavoriteSession.swift in Sources */,
				7AD7EBB02C40558C009F20D5 /* PurchaseSession.swift in Sources */,
				FC3EF40E2C3C44AA00997653 /* FireDBHelper.swift in Sources */,
				FC3EF4122C3C44E500997653 /* Session.swift in Sources */,
				A388D8102C3F3A0B006C46EC /* MainTabView.swift in Sources */,
				A388D8122C3F3A41006C46EC /* FavouritesListView.swift in Sources */,
				FC4004E32C406C5D002992F5 /* ProfileView.swift in Sources */,
				FC3EF3F22C3C427800997653 /* G11_NatureWalkApp.swift in Sources */,
				A388D8142C3F3A98006C46EC /* PurchaseListView.swift in Sources */,
				FC4004E52C407C6F002992F5 /* PurchaseDetailView.swift in Sources */,
				FC4C91542C3C573700378359 /* SessionListView.swift in Sources */,
				FC4C91562C3C596B00378359 /* SessionDetailsView.swift in Sources */,
				7AD7EBB22C405881009F20D5 /* PurchaseSessionView.swift in Sources */,
				FC3EF4102C3C44DC00997653 /* User.swift in Sources */,
				FC3EF40C2C3C449D00997653 /* FireAuthHelper.swift in Sources */,
			);
			runOnlyForDeploymentPostprocessing = 0;
		};
/* End PBXSourcesBuildPhase section */

/* Begin XCBuildConfiguration section */
		FC3EF3FA2C3C427B00997653 /* Debug */ = {
			isa = XCBuildConfiguration;
			buildSettings = {
				ALWAYS_SEARCH_USER_PATHS = NO;
				ASSETCATALOG_COMPILER_GENERATE_SWIFT_ASSET_SYMBOL_EXTENSIONS = YES;
				CLANG_ANALYZER_NONNULL = YES;
				CLANG_ANALYZER_NUMBER_OBJECT_CONVERSION = YES_AGGRESSIVE;
				CLANG_CXX_LANGUAGE_STANDARD = "gnu++20";
				CLANG_ENABLE_MODULES = YES;
				CLANG_ENABLE_OBJC_ARC = YES;
				CLANG_ENABLE_OBJC_WEAK = YES;
				CLANG_WARN_BLOCK_CAPTURE_AUTORELEASING = YES;
				CLANG_WARN_BOOL_CONVERSION = YES;
				CLANG_WARN_COMMA = YES;
				CLANG_WARN_CONSTANT_CONVERSION = YES;
				CLANG_WARN_DEPRECATED_OBJC_IMPLEMENTATIONS = YES;
				CLANG_WARN_DIRECT_OBJC_ISA_USAGE = YES_ERROR;
				CLANG_WARN_DOCUMENTATION_COMMENTS = YES;
				CLANG_WARN_EMPTY_BODY = YES;
				CLANG_WARN_ENUM_CONVERSION = YES;
				CLANG_WARN_INFINITE_RECURSION = YES;
				CLANG_WARN_INT_CONVERSION = YES;
				CLANG_WARN_NON_LITERAL_NULL_CONVERSION = YES;
				CLANG_WARN_OBJC_IMPLICIT_RETAIN_SELF = YES;
				CLANG_WARN_OBJC_LITERAL_CONVERSION = YES;
				CLANG_WARN_OBJC_ROOT_CLASS = YES_ERROR;
				CLANG_WARN_QUOTED_INCLUDE_IN_FRAMEWORK_HEADER = YES;
				CLANG_WARN_RANGE_LOOP_ANALYSIS = YES;
				CLANG_WARN_STRICT_PROTOTYPES = YES;
				CLANG_WARN_SUSPICIOUS_MOVE = YES;
				CLANG_WARN_UNGUARDED_AVAILABILITY = YES_AGGRESSIVE;
				CLANG_WARN_UNREACHABLE_CODE = YES;
				CLANG_WARN__DUPLICATE_METHOD_MATCH = YES;
				COPY_PHASE_STRIP = NO;
				DEBUG_INFORMATION_FORMAT = dwarf;
				ENABLE_STRICT_OBJC_MSGSEND = YES;
				ENABLE_TESTABILITY = YES;
				ENABLE_USER_SCRIPT_SANDBOXING = YES;
				GCC_C_LANGUAGE_STANDARD = gnu17;
				GCC_DYNAMIC_NO_PIC = NO;
				GCC_NO_COMMON_BLOCKS = YES;
				GCC_OPTIMIZATION_LEVEL = 0;
				GCC_PREPROCESSOR_DEFINITIONS = (
					"DEBUG=1",
					"$(inherited)",
				);
				GCC_WARN_64_TO_32_BIT_CONVERSION = YES;
				GCC_WARN_ABOUT_RETURN_TYPE = YES_ERROR;
				GCC_WARN_UNDECLARED_SELECTOR = YES;
				GCC_WARN_UNINITIALIZED_AUTOS = YES_AGGRESSIVE;
				GCC_WARN_UNUSED_FUNCTION = YES;
				GCC_WARN_UNUSED_VARIABLE = YES;
				IPHONEOS_DEPLOYMENT_TARGET = 17.5;
				LOCALIZATION_PREFERS_STRING_CATALOGS = YES;
				MTL_ENABLE_DEBUG_INFO = INCLUDE_SOURCE;
				MTL_FAST_MATH = YES;
				ONLY_ACTIVE_ARCH = YES;
				SDKROOT = iphoneos;
				SWIFT_ACTIVE_COMPILATION_CONDITIONS = "DEBUG $(inherited)";
				SWIFT_OPTIMIZATION_LEVEL = "-Onone";
			};
			name = Debug;
		};
		FC3EF3FB2C3C427B00997653 /* Release */ = {
			isa = XCBuildConfiguration;
			buildSettings = {
				ALWAYS_SEARCH_USER_PATHS = NO;
				ASSETCATALOG_COMPILER_GENERATE_SWIFT_ASSET_SYMBOL_EXTENSIONS = YES;
				CLANG_ANALYZER_NONNULL = YES;
				CLANG_ANALYZER_NUMBER_OBJECT_CONVERSION = YES_AGGRESSIVE;
				CLANG_CXX_LANGUAGE_STANDARD = "gnu++20";
				CLANG_ENABLE_MODULES = YES;
				CLANG_ENABLE_OBJC_ARC = YES;
				CLANG_ENABLE_OBJC_WEAK = YES;
				CLANG_WARN_BLOCK_CAPTURE_AUTORELEASING = YES;
				CLANG_WARN_BOOL_CONVERSION = YES;
				CLANG_WARN_COMMA = YES;
				CLANG_WARN_CONSTANT_CONVERSION = YES;
				CLANG_WARN_DEPRECATED_OBJC_IMPLEMENTATIONS = YES;
				CLANG_WARN_DIRECT_OBJC_ISA_USAGE = YES_ERROR;
				CLANG_WARN_DOCUMENTATION_COMMENTS = YES;
				CLANG_WARN_EMPTY_BODY = YES;
				CLANG_WARN_ENUM_CONVERSION = YES;
				CLANG_WARN_INFINITE_RECURSION = YES;
				CLANG_WARN_INT_CONVERSION = YES;
				CLANG_WARN_NON_LITERAL_NULL_CONVERSION = YES;
				CLANG_WARN_OBJC_IMPLICIT_RETAIN_SELF = YES;
				CLANG_WARN_OBJC_LITERAL_CONVERSION = YES;
				CLANG_WARN_OBJC_ROOT_CLASS = YES_ERROR;
				CLANG_WARN_QUOTED_INCLUDE_IN_FRAMEWORK_HEADER = YES;
				CLANG_WARN_RANGE_LOOP_ANALYSIS = YES;
				CLANG_WARN_STRICT_PROTOTYPES = YES;
				CLANG_WARN_SUSPICIOUS_MOVE = YES;
				CLANG_WARN_UNGUARDED_AVAILABILITY = YES_AGGRESSIVE;
				CLANG_WARN_UNREACHABLE_CODE = YES;
				CLANG_WARN__DUPLICATE_METHOD_MATCH = YES;
				COPY_PHASE_STRIP = NO;
				DEBUG_INFORMATION_FORMAT = "dwarf-with-dsym";
				ENABLE_NS_ASSERTIONS = NO;
				ENABLE_STRICT_OBJC_MSGSEND = YES;
				ENABLE_USER_SCRIPT_SANDBOXING = YES;
				GCC_C_LANGUAGE_STANDARD = gnu17;
				GCC_NO_COMMON_BLOCKS = YES;
				GCC_WARN_64_TO_32_BIT_CONVERSION = YES;
				GCC_WARN_ABOUT_RETURN_TYPE = YES_ERROR;
				GCC_WARN_UNDECLARED_SELECTOR = YES;
				GCC_WARN_UNINITIALIZED_AUTOS = YES_AGGRESSIVE;
				GCC_WARN_UNUSED_FUNCTION = YES;
				GCC_WARN_UNUSED_VARIABLE = YES;
				IPHONEOS_DEPLOYMENT_TARGET = 17.5;
				LOCALIZATION_PREFERS_STRING_CATALOGS = YES;
				MTL_ENABLE_DEBUG_INFO = NO;
				MTL_FAST_MATH = YES;
				SDKROOT = iphoneos;
				SWIFT_COMPILATION_MODE = wholemodule;
				VALIDATE_PRODUCT = YES;
			};
			name = Release;
		};
		FC3EF3FD2C3C427B00997653 /* Debug */ = {
			isa = XCBuildConfiguration;
			buildSettings = {
				ASSETCATALOG_COMPILER_APPICON_NAME = AppIcon;
				ASSETCATALOG_COMPILER_GLOBAL_ACCENT_COLOR_NAME = AccentColor;
				CODE_SIGN_STYLE = Automatic;
				CURRENT_PROJECT_VERSION = 1;
				DEVELOPMENT_ASSET_PATHS = "\"G11-NatureWalk/Preview Content\"";
				ENABLE_PREVIEWS = YES;
				GENERATE_INFOPLIST_FILE = YES;
				INFOPLIST_KEY_UIApplicationSceneManifest_Generation = YES;
				INFOPLIST_KEY_UIApplicationSupportsIndirectInputEvents = YES;
				INFOPLIST_KEY_UILaunchScreen_Generation = YES;
				INFOPLIST_KEY_UISupportedInterfaceOrientations_iPad = "UIInterfaceOrientationPortrait UIInterfaceOrientationPortraitUpsideDown UIInterfaceOrientationLandscapeLeft UIInterfaceOrientationLandscapeRight";
				INFOPLIST_KEY_UISupportedInterfaceOrientations_iPhone = "UIInterfaceOrientationPortrait UIInterfaceOrientationLandscapeLeft UIInterfaceOrientationLandscapeRight";
				IPHONEOS_DEPLOYMENT_TARGET = 17.0;
				LD_RUNPATH_SEARCH_PATHS = (
					"$(inherited)",
					"@executable_path/Frameworks",
				);
				MARKETING_VERSION = 1.0;
				PRODUCT_BUNDLE_IDENTIFIER = "com.georgebrown.G11-NatureWalk";
				PRODUCT_NAME = "$(TARGET_NAME)";
				SWIFT_EMIT_LOC_STRINGS = YES;
				SWIFT_VERSION = 5.0;
				TARGETED_DEVICE_FAMILY = "1,2";
			};
			name = Debug;
		};
		FC3EF3FE2C3C427B00997653 /* Release */ = {
			isa = XCBuildConfiguration;
			buildSettings = {
				ASSETCATALOG_COMPILER_APPICON_NAME = AppIcon;
				ASSETCATALOG_COMPILER_GLOBAL_ACCENT_COLOR_NAME = AccentColor;
				CODE_SIGN_STYLE = Automatic;
				CURRENT_PROJECT_VERSION = 1;
				DEVELOPMENT_ASSET_PATHS = "\"G11-NatureWalk/Preview Content\"";
				ENABLE_PREVIEWS = YES;
				GENERATE_INFOPLIST_FILE = YES;
				INFOPLIST_KEY_UIApplicationSceneManifest_Generation = YES;
				INFOPLIST_KEY_UIApplicationSupportsIndirectInputEvents = YES;
				INFOPLIST_KEY_UILaunchScreen_Generation = YES;
				INFOPLIST_KEY_UISupportedInterfaceOrientations_iPad = "UIInterfaceOrientationPortrait UIInterfaceOrientationPortraitUpsideDown UIInterfaceOrientationLandscapeLeft UIInterfaceOrientationLandscapeRight";
				INFOPLIST_KEY_UISupportedInterfaceOrientations_iPhone = "UIInterfaceOrientationPortrait UIInterfaceOrientationLandscapeLeft UIInterfaceOrientationLandscapeRight";
				IPHONEOS_DEPLOYMENT_TARGET = 17.0;
				LD_RUNPATH_SEARCH_PATHS = (
					"$(inherited)",
					"@executable_path/Frameworks",
				);
				MARKETING_VERSION = 1.0;
				PRODUCT_BUNDLE_IDENTIFIER = "com.georgebrown.G11-NatureWalk";
				PRODUCT_NAME = "$(TARGET_NAME)";
				SWIFT_EMIT_LOC_STRINGS = YES;
				SWIFT_VERSION = 5.0;
				TARGETED_DEVICE_FAMILY = "1,2";
			};
			name = Release;
		};
/* End XCBuildConfiguration section */

/* Begin XCConfigurationList section */
		FC3EF3E92C3C427800997653 /* Build configuration list for PBXProject "G11-NatureWalk" */ = {
			isa = XCConfigurationList;
			buildConfigurations = (
				FC3EF3FA2C3C427B00997653 /* Debug */,
				FC3EF3FB2C3C427B00997653 /* Release */,
			);
			defaultConfigurationIsVisible = 0;
			defaultConfigurationName = Release;
		};
		FC3EF3FC2C3C427B00997653 /* Build configuration list for PBXNativeTarget "G11-NatureWalk" */ = {
			isa = XCConfigurationList;
			buildConfigurations = (
				FC3EF3FD2C3C427B00997653 /* Debug */,
				FC3EF3FE2C3C427B00997653 /* Release */,
			);
			defaultConfigurationIsVisible = 0;
			defaultConfigurationName = Release;
		};
/* End XCConfigurationList section */

/* Begin XCRemoteSwiftPackageReference section */
		FC3EF4022C3C43F600997653 /* XCRemoteSwiftPackageReference "firebase-ios-sdk" */ = {
			isa = XCRemoteSwiftPackageReference;
			repositoryURL = "https://github.com/firebase/firebase-ios-sdk";
			requirement = {
				kind = upToNextMajorVersion;
				minimumVersion = 10.28.1;
			};
		};
/* End XCRemoteSwiftPackageReference section */

/* Begin XCSwiftPackageProductDependency section */
		FC3EF4032C3C43F600997653 /* FirebaseAuth */ = {
			isa = XCSwiftPackageProductDependency;
			package = FC3EF4022C3C43F600997653 /* XCRemoteSwiftPackageReference "firebase-ios-sdk" */;
			productName = FirebaseAuth;
		};
		FC3EF4052C3C43F600997653 /* FirebaseFirestore */ = {
			isa = XCSwiftPackageProductDependency;
			package = FC3EF4022C3C43F600997653 /* XCRemoteSwiftPackageReference "firebase-ios-sdk" */;
			productName = FirebaseFirestore;
		};
		FC3EF4072C3C43F600997653 /* FirebaseFirestoreSwift */ = {
			isa = XCSwiftPackageProductDependency;
			package = FC3EF4022C3C43F600997653 /* XCRemoteSwiftPackageReference "firebase-ios-sdk" */;
			productName = FirebaseFirestoreSwift;
		};
		FC3EF4092C3C43F600997653 /* FirebaseStorage */ = {
			isa = XCSwiftPackageProductDependency;
			package = FC3EF4022C3C43F600997653 /* XCRemoteSwiftPackageReference "firebase-ios-sdk" */;
			productName = FirebaseStorage;
		};
/* End XCSwiftPackageProductDependency section */
	};
	rootObject = FC3EF3E62C3C427800997653 /* Project object */;
}
